
Microsoft Visual Studio Solution File, Format Version 12.00
# Visual Studio Version 17
VisualStudioVersion = 17.14.36429.23 d17.14
MinimumVisualStudioVersion = 10.0.40219.1
Project("{FAE04EC0-301F-11D3-BF4B-00C04F79EFBC}") = "Alido_ImageProcessing", "Alido_ImageProcessing\Alido_ImageProcessing.csproj", "{1B23A756-A469-4827-9088-84677548F001}"
EndProject
Global
	GlobalSection(SolutionConfigurationPlatforms) = preSolution
		Debug|Any CPU = Debug|Any CPU
		Release|Any CPU = Release|Any CPU
	EndGlobalSection
	GlobalSection(ProjectConfigurationPlatforms) = postSolution
		{1B23A756-A469-4827-9088-84677548F001}.Debug|Any CPU.ActiveCfg = Debug|Any CPU
		{1B23A756-A469-4827-9088-84677548F001}.Debug|Any CPU.Build.0 = Debug|Any CPU
		{1B23A756-A469-4827-9088-84677548F001}.Release|Any CPU.ActiveCfg = Release|Any CPU
		{1B23A756-A469-4827-9088-84677548F001}.Release|Any CPU.Build.0 = Release|Any CPU
	EndGlobalSection
	GlobalSection(SolutionProperties) = preSolution
		HideSolutionNode = FALSE
	EndGlobalSection
	GlobalSection(ExtensibilityGlobals) = postSolution
		SolutionGuid = {84595893-71A3-456C-A725-E5BDE3290A8B}
	EndGlobalSection
EndGlobal
